
Microsoft Visual Studio Solution File, Format Version 12.00
# Visual Studio Version 16
VisualStudioVersion = 16.0.30717.126
MinimumVisualStudioVersion = 10.0.40219.1
Project("{8BC9CEB8-8B4A-11D0-8D11-00A0C91BC942}") = "AlgorithmsDll", "Algorithms\AlgorithmsDll.vcxproj", "{12B1FB3E-A5E8-4778-82C2-B456049C4CF6}"
EndProject
Global
	GlobalSection(SolutionConfigurationPlatforms) = preSolution
		Debug|a64-neon = Debug|a64-neon
		Debug|x64-avx = Debug|x64-avx
		Debug|x64-avx2 = Debug|x64-avx2
		Debug|x64-avx512 = Debug|x64-avx512
		Debug|x64-sse2 = Debug|x64-sse2
		Debug|x86-avx = Debug|x86-avx
		Debug|x86-avx2 = Debug|x86-avx2
		Debug|x86-avx512 = Debug|x86-avx512
		Debug|x86-sse2 = Debug|x86-sse2
		Release|a64-neon = Release|a64-neon
		Release|x64-avx = Release|x64-avx
		Release|x64-avx2 = Release|x64-avx2
		Release|x64-avx512 = Release|x64-avx512
		Release|x64-sse2 = Release|x64-sse2
		Release|x86-avx = Release|x86-avx
		Release|x86-avx2 = Release|x86-avx2
		Release|x86-avx512 = Release|x86-avx512
		Release|x86-sse2 = Release|x86-sse2
	EndGlobalSection
	GlobalSection(ProjectConfigurationPlatforms) = postSolution
		{12B1FB3E-A5E8-4778-82C2-B456049C4CF6}.Debug|a64-neon.ActiveCfg = Debug-neon|ARM64
		{12B1FB3E-A5E8-4778-82C2-B456049C4CF6}.Debug|a64-neon.Build.0 = Debug-neon|ARM64
		{12B1FB3E-A5E8-4778-82C2-B456049C4CF6}.Debug|x64-avx.ActiveCfg = Debug-avx|x64
		{12B1FB3E-A5E8-4778-82C2-B456049C4CF6}.Debug|x64-avx.Build.0 = Debug-avx|x64
		{12B1FB3E-A5E8-4778-82C2-B456049C4CF6}.Debug|x64-avx2.ActiveCfg = Debug-avx2|x64
		{12B1FB3E-A5E8-4778-82C2-B456049C4CF6}.Debug|x64-avx2.Build.0 = Debug-avx2|x64
		{12B1FB3E-A5E8-4778-82C2-B456049C4CF6}.Debug|x64-avx512.ActiveCfg = Debug-avx512|x64
		{12B1FB3E-A5E8-4778-82C2-B456049C4CF6}.Debug|x64-avx512.Build.0 = Debug-avx512|x64
		{12B1FB3E-A5E8-4778-82C2-B456049C4CF6}.Debug|x64-sse2.ActiveCfg = Debug-sse2|x64
		{12B1FB3E-A5E8-4778-82C2-B456049C4CF6}.Debug|x64-sse2.Build.0 = Debug-sse2|x64
		{12B1FB3E-A5E8-4778-82C2-B456049C4CF6}.Debug|x86-avx.ActiveCfg = Debug-avx|Win32
		{12B1FB3E-A5E8-4778-82C2-B456049C4CF6}.Debug|x86-avx.Build.0 = Debug-avx|Win32
		{12B1FB3E-A5E8-4778-82C2-B456049C4CF6}.Debug|x86-avx2.ActiveCfg = Debug-avx2|Win32
		{12B1FB3E-A5E8-4778-82C2-B456049C4CF6}.Debug|x86-avx2.Build.0 = Debug-avx2|Win32
		{12B1FB3E-A5E8-4778-82C2-B456049C4CF6}.Debug|x86-avx512.ActiveCfg = Debug-avx512|Win32
		{12B1FB3E-A5E8-4778-82C2-B456049C4CF6}.Debug|x86-avx512.Build.0 = Debug-avx512|Win32
		{12B1FB3E-A5E8-4778-82C2-B456049C4CF6}.Debug|x86-sse2.ActiveCfg = Debug-sse2|Win32
		{12B1FB3E-A5E8-4778-82C2-B456049C4CF6}.Debug|x86-sse2.Build.0 = Debug-sse2|Win32
		{12B1FB3E-A5E8-4778-82C2-B456049C4CF6}.Release|a64-neon.ActiveCfg = Release-neon|ARM64
		{12B1FB3E-A5E8-4778-82C2-B456049C4CF6}.Release|a64-neon.Build.0 = Release-neon|ARM64
		{12B1FB3E-A5E8-4778-82C2-B456049C4CF6}.Release|x64-avx.ActiveCfg = Release-avx|x64
		{12B1FB3E-A5E8-4778-82C2-B456049C4CF6}.Release|x64-avx.Build.0 = Release-avx|x64
		{12B1FB3E-A5E8-4778-82C2-B456049C4CF6}.Release|x64-avx2.ActiveCfg = Release-avx2|x64
		{12B1FB3E-A5E8-4778-82C2-B456049C4CF6}.Release|x64-avx2.Build.0 = Release-avx2|x64
		{12B1FB3E-A5E8-4778-82C2-B456049C4CF6}.Release|x64-avx512.ActiveCfg = Release-avx512|x64
		{12B1FB3E-A5E8-4778-82C2-B456049C4CF6}.Release|x64-avx512.Build.0 = Release-avx512|x64
		{12B1FB3E-A5E8-4778-82C2-B456049C4CF6}.Release|x64-sse2.ActiveCfg = Release-sse2|x64
		{12B1FB3E-A5E8-4778-82C2-B456049C4CF6}.Release|x64-sse2.Build.0 = Release-sse2|x64
		{12B1FB3E-A5E8-4778-82C2-B456049C4CF6}.Release|x86-avx.ActiveCfg = Release-avx|Win32
		{12B1FB3E-A5E8-4778-82C2-B456049C4CF6}.Release|x86-avx.Build.0 = Release-avx|Win32
		{12B1FB3E-A5E8-4778-82C2-B456049C4CF6}.Release|x86-avx2.ActiveCfg = Release-avx2|Win32
		{12B1FB3E-A5E8-4778-82C2-B456049C4CF6}.Release|x86-avx2.Build.0 = Release-avx2|Win32
		{12B1FB3E-A5E8-4778-82C2-B456049C4CF6}.Release|x86-avx512.ActiveCfg = Release-avx512|Win32
		{12B1FB3E-A5E8-4778-82C2-B456049C4CF6}.Release|x86-avx512.Build.0 = Release-avx512|Win32
		{12B1FB3E-A5E8-4778-82C2-B456049C4CF6}.Release|x86-sse2.ActiveCfg = Release-sse2|Win32
		{12B1FB3E-A5E8-4778-82C2-B456049C4CF6}.Release|x86-sse2.Build.0 = Release-sse2|Win32
	EndGlobalSection
	GlobalSection(SolutionProperties) = preSolution
		HideSolutionNode = FALSE
	EndGlobalSection
	GlobalSection(ExtensibilityGlobals) = postSolution
		SolutionGuid = {500FE1F3-60E3-4C0B-8C22-0F168F337C6D}
	EndGlobalSection
EndGlobal
