
Microsoft Visual Studio Solution File, Format Version 12.00
# Visual Studio Version 17
VisualStudioVersion = 17.1.32210.238
MinimumVisualStudioVersion = 10.0.40219.1
Project("{8BC9CEB8-8B4A-11D0-8D11-00A0C91BC942}") = "OpenHashTab", "OpenHashTab\OpenHashTab.vcxproj", "{4473C545-7008-47B6-BDB6-E904B540B77F}"
	ProjectSection(ProjectDependencies) = postProject
		{B2B46597-2BF2-4D29-A22B-908B685BEAC2} = {B2B46597-2BF2-4D29-A22B-908B685BEAC2}
	EndProjectSection
EndProject
Project("{8BC9CEB8-8B4A-11D0-8D11-00A0C91BC942}") = "OpenHashTabPS", "OpenHashTabPS\OpenHashTabPS.vcxproj", "{4DFA10F5-003B-49B8-AE4D-1A539F058ABD}"
	ProjectSection(ProjectDependencies) = postProject
		{4473C545-7008-47B6-BDB6-E904B540B77F} = {4473C545-7008-47B6-BDB6-E904B540B77F}
	EndProjectSection
EndProject
Project("{8BC9CEB8-8B4A-11D0-8D11-00A0C91BC942}") = "Benchmark", "Benchmark\Benchmark.vcxproj", "{417436B0-1BCA-43DA-8CAC-35D50668B63D}"
	ProjectSection(ProjectDependencies) = postProject
		{B2B46597-2BF2-4D29-A22B-908B685BEAC2} = {B2B46597-2BF2-4D29-A22B-908B685BEAC2}
	EndProjectSection
EndProject
Project("{8BC9CEB8-8B4A-11D0-8D11-00A0C91BC942}") = "Algorithms", "AlgorithmsLoader\Algorithms.vcxproj", "{B2B46597-2BF2-4D29-A22B-908B685BEAC2}"
EndProject
Project("{8BC9CEB8-8B4A-11D0-8D11-00A0C91BC942}") = "StandaloneStub", "StandaloneStub\StandaloneStub.vcxproj", "{8AA27172-5B5E-4AEF-9CBD-2523F4B9DB64}"
	ProjectSection(ProjectDependencies) = postProject
		{4473C545-7008-47B6-BDB6-E904B540B77F} = {4473C545-7008-47B6-BDB6-E904B540B77F}
	EndProjectSection
EndProject
Global
	GlobalSection(SolutionConfigurationPlatforms) = preSolution
		Debug|ARM64 = Debug|ARM64
		Debug|x64 = Debug|x64
		Debug|x86 = Debug|x86
		Release|ARM64 = Release|ARM64
		Release|x64 = Release|x64
		Release|x86 = Release|x86
	EndGlobalSection
	GlobalSection(ProjectConfigurationPlatforms) = postSolution
		{4473C545-7008-47B6-BDB6-E904B540B77F}.Debug|ARM64.ActiveCfg = Debug|ARM64
		{4473C545-7008-47B6-BDB6-E904B540B77F}.Debug|ARM64.Build.0 = Debug|ARM64
		{4473C545-7008-47B6-BDB6-E904B540B77F}.Debug|x64.ActiveCfg = Debug|x64
		{4473C545-7008-47B6-BDB6-E904B540B77F}.Debug|x64.Build.0 = Debug|x64
		{4473C545-7008-47B6-BDB6-E904B540B77F}.Debug|x86.ActiveCfg = Debug|Win32
		{4473C545-7008-47B6-BDB6-E904B540B77F}.Debug|x86.Build.0 = Debug|Win32
		{4473C545-7008-47B6-BDB6-E904B540B77F}.Release|ARM64.ActiveCfg = Release|ARM64
		{4473C545-7008-47B6-BDB6-E904B540B77F}.Release|ARM64.Build.0 = Release|ARM64
		{4473C545-7008-47B6-BDB6-E904B540B77F}.Release|x64.ActiveCfg = Release|x64
		{4473C545-7008-47B6-BDB6-E904B540B77F}.Release|x64.Build.0 = Release|x64
		{4473C545-7008-47B6-BDB6-E904B540B77F}.Release|x86.ActiveCfg = Release|Win32
		{4473C545-7008-47B6-BDB6-E904B540B77F}.Release|x86.Build.0 = Release|Win32
		{4DFA10F5-003B-49B8-AE4D-1A539F058ABD}.Debug|ARM64.ActiveCfg = Debug|ARM64
		{4DFA10F5-003B-49B8-AE4D-1A539F058ABD}.Debug|x64.ActiveCfg = Debug|x64
		{4DFA10F5-003B-49B8-AE4D-1A539F058ABD}.Debug|x86.ActiveCfg = Debug|Win32
		{4DFA10F5-003B-49B8-AE4D-1A539F058ABD}.Release|ARM64.ActiveCfg = Release|ARM64
		{4DFA10F5-003B-49B8-AE4D-1A539F058ABD}.Release|x64.ActiveCfg = Release|x64
		{4DFA10F5-003B-49B8-AE4D-1A539F058ABD}.Release|x86.ActiveCfg = Release|Win32
		{417436B0-1BCA-43DA-8CAC-35D50668B63D}.Debug|ARM64.ActiveCfg = Debug|ARM64
		{417436B0-1BCA-43DA-8CAC-35D50668B63D}.Debug|x64.ActiveCfg = Debug|x64
		{417436B0-1BCA-43DA-8CAC-35D50668B63D}.Debug|x64.Build.0 = Debug|x64
		{417436B0-1BCA-43DA-8CAC-35D50668B63D}.Debug|x86.ActiveCfg = Debug|Win32
		{417436B0-1BCA-43DA-8CAC-35D50668B63D}.Debug|x86.Build.0 = Debug|Win32
		{417436B0-1BCA-43DA-8CAC-35D50668B63D}.Release|ARM64.ActiveCfg = Release|ARM64
		{417436B0-1BCA-43DA-8CAC-35D50668B63D}.Release|ARM64.Build.0 = Release|ARM64
		{417436B0-1BCA-43DA-8CAC-35D50668B63D}.Release|x64.ActiveCfg = Release|x64
		{417436B0-1BCA-43DA-8CAC-35D50668B63D}.Release|x64.Build.0 = Release|x64
		{417436B0-1BCA-43DA-8CAC-35D50668B63D}.Release|x86.ActiveCfg = Release|Win32
		{417436B0-1BCA-43DA-8CAC-35D50668B63D}.Release|x86.Build.0 = Release|Win32
		{B2B46597-2BF2-4D29-A22B-908B685BEAC2}.Debug|ARM64.ActiveCfg = Debug|ARM64
		{B2B46597-2BF2-4D29-A22B-908B685BEAC2}.Debug|ARM64.Build.0 = Debug|ARM64
		{B2B46597-2BF2-4D29-A22B-908B685BEAC2}.Debug|x64.ActiveCfg = Debug|x64
		{B2B46597-2BF2-4D29-A22B-908B685BEAC2}.Debug|x64.Build.0 = Debug|x64
		{B2B46597-2BF2-4D29-A22B-908B685BEAC2}.Debug|x86.ActiveCfg = Debug|Win32
		{B2B46597-2BF2-4D29-A22B-908B685BEAC2}.Debug|x86.Build.0 = Debug|Win32
		{B2B46597-2BF2-4D29-A22B-908B685BEAC2}.Release|ARM64.ActiveCfg = Release|ARM64
		{B2B46597-2BF2-4D29-A22B-908B685BEAC2}.Release|ARM64.Build.0 = Release|ARM64
		{B2B46597-2BF2-4D29-A22B-908B685BEAC2}.Release|x64.ActiveCfg = Release|x64
		{B2B46597-2BF2-4D29-A22B-908B685BEAC2}.Release|x64.Build.0 = Release|x64
		{B2B46597-2BF2-4D29-A22B-908B685BEAC2}.Release|x86.ActiveCfg = Release|Win32
		{B2B46597-2BF2-4D29-A22B-908B685BEAC2}.Release|x86.Build.0 = Release|Win32
		{8AA27172-5B5E-4AEF-9CBD-2523F4B9DB64}.Debug|ARM64.ActiveCfg = Debug|ARM64
		{8AA27172-5B5E-4AEF-9CBD-2523F4B9DB64}.Debug|ARM64.Build.0 = Debug|ARM64
		{8AA27172-5B5E-4AEF-9CBD-2523F4B9DB64}.Debug|x64.ActiveCfg = Debug|x64
		{8AA27172-5B5E-4AEF-9CBD-2523F4B9DB64}.Debug|x64.Build.0 = Debug|x64
		{8AA27172-5B5E-4AEF-9CBD-2523F4B9DB64}.Debug|x86.ActiveCfg = Debug|Win32
		{8AA27172-5B5E-4AEF-9CBD-2523F4B9DB64}.Debug|x86.Build.0 = Debug|Win32
		{8AA27172-5B5E-4AEF-9CBD-2523F4B9DB64}.Release|ARM64.ActiveCfg = Release|ARM64
		{8AA27172-5B5E-4AEF-9CBD-2523F4B9DB64}.Release|ARM64.Build.0 = Release|ARM64
		{8AA27172-5B5E-4AEF-9CBD-2523F4B9DB64}.Release|x64.ActiveCfg = Release|x64
		{8AA27172-5B5E-4AEF-9CBD-2523F4B9DB64}.Release|x64.Build.0 = Release|x64
		{8AA27172-5B5E-4AEF-9CBD-2523F4B9DB64}.Release|x86.ActiveCfg = Release|Win32
		{8AA27172-5B5E-4AEF-9CBD-2523F4B9DB64}.Release|x86.Build.0 = Release|Win32
	EndGlobalSection
	GlobalSection(SolutionProperties) = preSolution
		HideSolutionNode = FALSE
	EndGlobalSection
	GlobalSection(ExtensibilityGlobals) = postSolution
		SolutionGuid = {1965CDF9-CA49-473F-9165-3CBC814FD585}
	EndGlobalSection
EndGlobal
