<?xml version="1.0" encoding="utf-8"?>
<Project ToolsVersion="4.0" xmlns="http://schemas.microsoft.com/developer/msbuild/2003">
  <ItemGroup>
    <Filter Include="Source Files">
      <UniqueIdentifier>{4FC737F1-C7A5-4376-A066-2A32D752A2FF}</UniqueIdentifier>
      <Extensions>cpp;c;cc;cxx;def;odl;idl;hpj;bat;asm;asmx</Extensions>
    </Filter>
    <Filter Include="Header Files">
      <UniqueIdentifier>{93995380-89BD-4b04-88EB-625FBE52EBFB}</UniqueIdentifier>
      <Extensions>h;hh;hpp;hxx;hm;inl;inc;ipp;xsd</Extensions>
    </Filter>
    <Filter Include="Resource Files">
      <UniqueIdentifier>{67DA6AB6-F800-4c08-8B7A-83BB121AAD01}</UniqueIdentifier>
      <Extensions>rc;ico;cur;bmp;dlg;rc2;rct;bin;rgs;gif;jpg;jpeg;jpe;resx;tiff;tif;png;wav;mfcribbon-ms</Extensions>
    </Filter>
    <Filter Include="Generated Files">
      <UniqueIdentifier>{fa7990bc-29fb-49c8-b7d6-6e370e7dd3b1}</UniqueIdentifier>
      <SourceControlFiles>False</SourceControlFiles>
    </Filter>
    <Filter Include="mbedtls">
      <UniqueIdentifier>{8e8284f8-e291-4acb-be53-3951f7d83236}</UniqueIdentifier>
    </Filter>
    <Filter Include="BLAKE2sp">
      <UniqueIdentifier>{67429f80-2fce-4780-b600-246c09a5a706}</UniqueIdentifier>
    </Filter>
    <Filter Include="SHA3">
      <UniqueIdentifier>{3af9cddb-3a71-4132-80dd-906c4a07bf99}</UniqueIdentifier>
    </Filter>
    <Filter Include="CRC32">
      <UniqueIdentifier>{f023d767-ba4d-4281-9822-8aff43aeaf05}</UniqueIdentifier>
    </Filter>
    <Filter Include="BLAKE3">
      <UniqueIdentifier>{26c5a99a-5567-4892-9570-ea3267dd882d}</UniqueIdentifier>
    </Filter>
  </ItemGroup>
  <ItemGroup>
    <ClCompile Include="stdafx.cpp">
      <Filter>Source Files</Filter>
    </ClCompile>
    <ClCompile Include="OpenHashTab.cpp">
      <Filter>Source Files</Filter>
    </ClCompile>
    <ClCompile Include="dllmain.cpp">
      <Filter>Source Files</Filter>
    </ClCompile>
    <ClCompile Include="OpenHashTab_i.c">
      <Filter>Generated Files</Filter>
    </ClCompile>
    <ClCompile Include="OpenHashTabShlExt.cpp">
      <Filter>Source Files</Filter>
    </ClCompile>
    <ClCompile Include="SumFileParser.cpp">
      <Filter>Source Files</Filter>
    </ClCompile>
    <ClCompile Include="..\mbedtls\library\md2.c">
      <Filter>mbedtls</Filter>
    </ClCompile>
    <ClCompile Include="..\mbedtls\library\md4.c">
      <Filter>mbedtls</Filter>
    </ClCompile>
    <ClCompile Include="..\mbedtls\library\md5.c">
      <Filter>mbedtls</Filter>
    </ClCompile>
    <ClCompile Include="..\mbedtls\library\platform_util.c">
      <Filter>mbedtls</Filter>
    </ClCompile>
    <ClCompile Include="..\mbedtls\library\ripemd160.c">
      <Filter>mbedtls</Filter>
    </ClCompile>
    <ClCompile Include="..\mbedtls\library\sha1.c">
      <Filter>mbedtls</Filter>
    </ClCompile>
    <ClCompile Include="..\mbedtls\library\sha256.c">
      <Filter>mbedtls</Filter>
    </ClCompile>
    <ClCompile Include="..\mbedtls\library\sha512.c">
      <Filter>mbedtls</Filter>
    </ClCompile>
    <ClCompile Include="utl.cpp">
      <Filter>Source Files</Filter>
    </ClCompile>
    <ClCompile Include="blake2sp.c">
      <Filter>BLAKE2sp</Filter>
    </ClCompile>
    <ClCompile Include="Queues.cpp">
      <Filter>Source Files</Filter>
    </ClCompile>
    <ClCompile Include="FileHashTask.cpp">
      <Filter>Source Files</Filter>
    </ClCompile>
    <ClCompile Include="sha3.c">
      <Filter>SHA3</Filter>
    </ClCompile>
    <ClCompile Include="crc32.c">
      <Filter>CRC32</Filter>
    </ClCompile>
    <ClCompile Include="Hasher.cpp">
      <Filter>Source Files</Filter>
    </ClCompile>
    <ClCompile Include="SettingsDialog.cpp">
      <Filter>Source Files</Filter>
    </ClCompile>
    <ClCompile Include="HasherRegistry.cpp">
      <Filter>Source Files</Filter>
    </ClCompile>
    <ClCompile Include="MainDialog.cpp">
      <Filter>Source Files</Filter>
    </ClCompile>
    <ClCompile Include="Coordinator.cpp">
      <Filter>Source Files</Filter>
    </ClCompile>
    <ClCompile Include="Standalone.cpp">
      <Filter>Source Files</Filter>
    </ClCompile>
    <ClCompile Include="blake3.c">
      <Filter>BLAKE3</Filter>
    </ClCompile>
    <ClCompile Include="blake3_avx2.c">
      <Filter>BLAKE3</Filter>
    </ClCompile>
    <ClCompile Include="blake3_avx512.c">
      <Filter>BLAKE3</Filter>
    </ClCompile>
    <ClCompile Include="blake3_dispatch.c">
      <Filter>BLAKE3</Filter>
    </ClCompile>
    <ClCompile Include="blake3_portable.c">
      <Filter>BLAKE3</Filter>
    </ClCompile>
    <ClCompile Include="Benchmark.cpp">
      <Filter>Source Files</Filter>
    </ClCompile>
  </ItemGroup>
  <ItemGroup>
    <ClInclude Include="stdafx.h">
      <Filter>Header Files</Filter>
    </ClInclude>
    <ClInclude Include="targetver.h">
      <Filter>Header Files</Filter>
    </ClInclude>
    <ClInclude Include="Resource.h">
      <Filter>Header Files</Filter>
    </ClInclude>
    <ClInclude Include="dllmain.h">
      <Filter>Header Files</Filter>
    </ClInclude>
    <ClInclude Include="OpenHashTab_i.h">
      <Filter>Generated Files</Filter>
    </ClInclude>
    <ClInclude Include="OpenHashTabShlExt.h">
      <Filter>Header Files</Filter>
    </ClInclude>
    <ClInclude Include="SumFileParser.h">
      <Filter>Header Files</Filter>
    </ClInclude>
    <ClInclude Include="utl.h">
      <Filter>Header Files</Filter>
    </ClInclude>
    <ClInclude Include="FileHashTask.h">
      <Filter>Header Files</Filter>
    </ClInclude>
    <ClInclude Include="Hasher.h">
      <Filter>Header Files</Filter>
    </ClInclude>
    <ClInclude Include="blake2sp.h">
      <Filter>BLAKE2sp</Filter>
    </ClInclude>
    <ClInclude Include="Queues.h">
      <Filter>Header Files</Filter>
    </ClInclude>
    <ClInclude Include="sha3.h">
      <Filter>SHA3</Filter>
    </ClInclude>
    <ClInclude Include="crc32.h">
      <Filter>CRC32</Filter>
    </ClInclude>
    <ClInclude Include="SettingsDialog.h">
      <Filter>Header Files</Filter>
    </ClInclude>
    <ClInclude Include="wnd.h">
      <Filter>Header Files</Filter>
    </ClInclude>
    <ClInclude Include="MainDialog.h">
      <Filter>Header Files</Filter>
    </ClInclude>
    <ClInclude Include="Coordinator.h">
      <Filter>Header Files</Filter>
    </ClInclude>
    <ClInclude Include="blake3_impl.h">
      <Filter>BLAKE3</Filter>
    </ClInclude>
    <ClInclude Include="blake3.h">
      <Filter>BLAKE3</Filter>
    </ClInclude>
  </ItemGroup>
  <ItemGroup>
    <ResourceCompile Include="OpenHashTab.rc">
      <Filter>Resource Files</Filter>
    </ResourceCompile>
    <ResourceCompile Include="localization.rc">
      <Filter>Resource Files</Filter>
    </ResourceCompile>
  </ItemGroup>
  <ItemGroup>
    <None Include="OpenHashTab.rgs">
      <Filter>Resource Files</Filter>
    </None>
    <None Include="OpenHashTab.def">
      <Filter>Source Files</Filter>
    </None>
    <None Include="OpenHashTabShlExt.rgs">
      <Filter>Resource Files</Filter>
    </None>
  </ItemGroup>
  <ItemGroup>
    <Midl Include="OpenHashTab.idl">
      <Filter>Source Files</Filter>
    </Midl>
  </ItemGroup>
  <ItemGroup>
    <MASM Include="blake3_avx512_x86-64_windows_msvc.asm">
      <Filter>BLAKE3</Filter>
    </MASM>
    <MASM Include="blake3_avx2_x86-64_windows_msvc.asm">
      <Filter>BLAKE3</Filter>
    </MASM>
    <MASM Include="blake3_sse41_x86-64_windows_msvc.asm">
      <Filter>BLAKE3</Filter>
    </MASM>
  </ItemGroup>
</Project>