<?xml version="1.0" encoding="utf-8"?>
<Project ToolsVersion="4.0" xmlns="http://schemas.microsoft.com/developer/msbuild/2003">
  <ItemGroup>
    <Filter Include="mbedTLS">
      <UniqueIdentifier>{c45949b8-d6c0-462c-bec0-92504e39e4c9}</UniqueIdentifier>
    </Filter>
    <Filter Include="xxHash">
      <UniqueIdentifier>{5d55c3f6-a2a0-47aa-8ee4-a617fc1473d0}</UniqueIdentifier>
    </Filter>
    <Filter Include="Blake2sp">
      <UniqueIdentifier>{66f0a0ef-450b-40eb-aed2-90523bd0f678}</UniqueIdentifier>
    </Filter>
    <Filter Include="Blake3">
      <UniqueIdentifier>{402b6c58-bf2b-4664-9630-4fab7d16894a}</UniqueIdentifier>
    </Filter>
    <Filter Include="CRC32">
      <UniqueIdentifier>{e8de2202-489c-4331-90cf-a66bc00736b6}</UniqueIdentifier>
    </Filter>
    <Filter Include="GOST R 34.11-2012">
      <UniqueIdentifier>{5bd3a683-cf14-4915-9242-cdabbdbbc761}</UniqueIdentifier>
    </Filter>
    <Filter Include="XKCP">
      <UniqueIdentifier>{797b3c51-465d-4c66-88bc-2a934fb9f78c}</UniqueIdentifier>
    </Filter>
    <Filter Include="CRC64">
      <UniqueIdentifier>{5d3fcf71-ff59-4873-b414-8eb2005a636e}</UniqueIdentifier>
    </Filter>
    <Filter Include="QuickXorHash">
      <UniqueIdentifier>{a1cce50e-3e65-4478-8e6c-c1310894be78}</UniqueIdentifier>
    </Filter>
  </ItemGroup>
  <ItemGroup>
    <ClCompile Include="deps\mbedtls\library\sha512.c">
      <Filter>mbedTLS</Filter>
    </ClCompile>
    <ClCompile Include="deps\mbedtls\library\sha256.c">
      <Filter>mbedTLS</Filter>
    </ClCompile>
    <ClCompile Include="deps\mbedtls\library\sha1.c">
      <Filter>mbedTLS</Filter>
    </ClCompile>
    <ClCompile Include="deps\mbedtls\library\ripemd160.c">
      <Filter>mbedTLS</Filter>
    </ClCompile>
    <ClCompile Include="deps\mbedtls\library\platform_util.c">
      <Filter>mbedTLS</Filter>
    </ClCompile>
    <ClCompile Include="deps\mbedtls\library\md5.c">
      <Filter>mbedTLS</Filter>
    </ClCompile>
    <ClCompile Include="deps\mbedtls\library\md4.c">
      <Filter>mbedTLS</Filter>
    </ClCompile>
    <ClCompile Include="deps\mbedtls\library\md2.c">
      <Filter>mbedTLS</Filter>
    </ClCompile>
    <ClCompile Include="xxhash.c">
      <Filter>xxHash</Filter>
    </ClCompile>
    <ClCompile Include="blake2sp.c">
      <Filter>Blake2sp</Filter>
    </ClCompile>
    <ClCompile Include="Hasher2.cpp" />
    <ClCompile Include="blake3_dispatch.c">
      <Filter>Blake3</Filter>
    </ClCompile>
    <ClCompile Include="deps\BLAKE3\c\blake3.c">
      <Filter>Blake3</Filter>
    </ClCompile>
    <ClCompile Include="deps\BLAKE3\c\blake3_avx2.c">
      <Filter>Blake3</Filter>
    </ClCompile>
    <ClCompile Include="deps\BLAKE3\c\blake3_avx512.c">
      <Filter>Blake3</Filter>
    </ClCompile>
    <ClCompile Include="deps\BLAKE3\c\blake3_neon.c">
      <Filter>Blake3</Filter>
    </ClCompile>
    <ClCompile Include="deps\BLAKE3\c\blake3_portable.c">
      <Filter>Blake3</Filter>
    </ClCompile>
    <ClCompile Include="deps\BLAKE3\c\blake3_sse2.c">
      <Filter>Blake3</Filter>
    </ClCompile>
    <ClCompile Include="deps\BLAKE3\c\blake3_sse41.c">
      <Filter>Blake3</Filter>
    </ClCompile>
    <ClCompile Include="deps\streebog\gost3411-2012-core.c">
      <Filter>GOST R 34.11-2012</Filter>
    </ClCompile>
    <ClCompile Include="deps\crc32\Crc32.cpp">
      <Filter>CRC32</Filter>
    </ClCompile>
    <ClCompile Include="crc64.cpp">
      <Filter>CRC64</Filter>
    </ClCompile>
    <ClCompile Include="deps\QuickXorHash\quickxorhash.c">
      <Filter>QuickXorHash</Filter>
    </ClCompile>
  </ItemGroup>
  <ItemGroup>
    <ClInclude Include="mbedtls_config.h">
      <Filter>mbedTLS</Filter>
    </ClInclude>
    <ClInclude Include="deps\xxHash\xxhash.h">
      <Filter>xxHash</Filter>
    </ClInclude>
    <ClInclude Include="blake2sp.h">
      <Filter>Blake2sp</Filter>
    </ClInclude>
    <ClInclude Include="deps\BLAKE3\c\blake3.h">
      <Filter>Blake3</Filter>
    </ClInclude>
    <ClInclude Include="deps\BLAKE3\c\blake3_impl.h">
      <Filter>Blake3</Filter>
    </ClInclude>
    <ClInclude Include="deps\streebog\gost3411-2012-const.h">
      <Filter>GOST R 34.11-2012</Filter>
    </ClInclude>
    <ClInclude Include="deps\streebog\gost3411-2012-core.h">
      <Filter>GOST R 34.11-2012</Filter>
    </ClInclude>
    <ClInclude Include="deps\streebog\gost3411-2012-mmx.h">
      <Filter>GOST R 34.11-2012</Filter>
    </ClInclude>
    <ClInclude Include="deps\streebog\gost3411-2012-precalc.h">
      <Filter>GOST R 34.11-2012</Filter>
    </ClInclude>
    <ClInclude Include="deps\streebog\gost3411-2012-ref.h">
      <Filter>GOST R 34.11-2012</Filter>
    </ClInclude>
    <ClInclude Include="deps\streebog\gost3411-2012-sse2.h">
      <Filter>GOST R 34.11-2012</Filter>
    </ClInclude>
    <ClInclude Include="deps\streebog\gost3411-2012-sse41.h">
      <Filter>GOST R 34.11-2012</Filter>
    </ClInclude>
    <ClInclude Include="streebog\gost3411-2012-config.h">
      <Filter>GOST R 34.11-2012</Filter>
    </ClInclude>
    <ClInclude Include="XKCP\config.h">
      <Filter>XKCP</Filter>
    </ClInclude>
    <ClInclude Include="deps\crc32\Crc32.h">
      <Filter>CRC32</Filter>
    </ClInclude>
    <ClInclude Include="crc64.h">
      <Filter>CRC64</Filter>
    </ClInclude>
    <ClInclude Include="Hasher2.h" />
    <ClInclude Include="deps\QuickXorHash\quickxorhash.h">
      <Filter>QuickXorHash</Filter>
    </ClInclude>
  </ItemGroup>
  <ItemGroup>
    <MASM Include="deps\BLAKE3\c\blake3_avx2_x86-64_windows_msvc.asm">
      <Filter>Blake3</Filter>
    </MASM>
    <MASM Include="deps\BLAKE3\c\blake3_avx512_x86-64_windows_msvc.asm">
      <Filter>Blake3</Filter>
    </MASM>
    <MASM Include="deps\BLAKE3\c\blake3_sse2_x86-64_windows_msvc.asm">
      <Filter>Blake3</Filter>
    </MASM>
    <MASM Include="deps\BLAKE3\c\blake3_sse41_x86-64_windows_msvc.asm">
      <Filter>Blake3</Filter>
    </MASM>
  </ItemGroup>
</Project>